// !$*UTF8*$!
{
	archiveVersion = 1;
	classes = {
	};
	objectVersion = 46;
	objects = {

/* Begin PBXBuildFile section */
		37759DED1EBAE065005F6322 /* ViewController2.swift in Sources */ = {isa = PBXBuildFile; fileRef = 37759DEC1EBAE065005F6322 /* ViewController2.swift */; };
		37759DF61EBB0E76005F6322 /* Diego Costa.jpg in Resources */ = {isa = PBXBuildFile; fileRef = 37759DF11EBB0E76005F6322 /* Diego Costa.jpg */; };
		37759DF71EBB0E76005F6322 /* Ibrahimovic.jpg in Resources */ = {isa = PBXBuildFile; fileRef = 37759DF21EBB0E76005F6322 /* Ibrahimovic.jpg */; };
		37759DF81EBB0E76005F6322 /* Lewandowski.jpg in Resources */ = {isa = PBXBuildFile; fileRef = 37759DF31EBB0E76005F6322 /* Lewandowski.jpg */; };
		37759DF91EBB0E76005F6322 /* Lionel Messi.jpg in Resources */ = {isa = PBXBuildFile; fileRef = 37759DF41EBB0E76005F6322 /* Lionel Messi.jpg */; };
		37759DFF1EBB0E8C005F6322 /* Eden Hazard.jpg in Resources */ = {isa = PBXBuildFile; fileRef = 37759DFA1EBB0E8C005F6322 /* Eden Hazard.jpg */; };
		37759E001EBB0E8C005F6322 /* Gareth Bale.jpg in Resources */ = {isa = PBXBuildFile; fileRef = 37759DFB1EBB0E8C005F6322 /* Gareth Bale.jpg */; };
		37759E011EBB0E8C005F6322 /* Luis Suarez.jpg in Resources */ = {isa = PBXBuildFile; fileRef = 37759DFC1EBB0E8C005F6322 /* Luis Suarez.jpg */; };
		37759E021EBB0E8C005F6322 /* Marco Reus.jpg in Resources */ = {isa = PBXBuildFile; fileRef = 37759DFD1EBB0E8C005F6322 /* Marco Reus.jpg */; };
		37759E031EBB0E8C005F6322 /* Neymar.jpg in Resources */ = {isa = PBXBuildFile; fileRef = 37759DFE1EBB0E8C005F6322 /* Neymar.jpg */; };
		37759E091EBB0E98005F6322 /* Hummels.jpg in Resources */ = {isa = PBXBuildFile; fileRef = 37759E041EBB0E98005F6322 /* Hummels.jpg */; };
		37759E0A1EBB0E98005F6322 /* Jordi Alba.jpg in Resources */ = {isa = PBXBuildFile; fileRef = 37759E051EBB0E98005F6322 /* Jordi Alba.jpg */; };
		37759E0B1EBB0E98005F6322 /* Pepe.jpg in Resources */ = {isa = PBXBuildFile; fileRef = 37759E061EBB0E98005F6322 /* Pepe.jpg */; };
		37759E0C1EBB0E98005F6322 /* Pique.jpg in Resources */ = {isa = PBXBuildFile; fileRef = 37759E071EBB0E98005F6322 /* Pique.jpg */; };
		37759E0D1EBB0E98005F6322 /* Sergio Ramos.jpg in Resources */ = {isa = PBXBuildFile; fileRef = 37759E081EBB0E98005F6322 /* Sergio Ramos.jpg */; };
		37759E131EBB0EB2005F6322 /* Buffon.jpg in Resources */ = {isa = PBXBuildFile; fileRef = 37759E0E1EBB0EB2005F6322 /* Buffon.jpg */; };
		37759E141EBB0EB2005F6322 /* David De Gea.jpg in Resources */ = {isa = PBXBuildFile; fileRef = 37759E0F1EBB0EB2005F6322 /* David De Gea.jpg */; };
		37759E161EBB0EB2005F6322 /* Navas.jpg in Resources */ = {isa = PBXBuildFile; fileRef = 37759E111EBB0EB2005F6322 /* Navas.jpg */; };
		37759E171EBB0EB2005F6322 /* Neuer.jpg in Resources */ = {isa = PBXBuildFile; fileRef = 37759E121EBB0EB2005F6322 /* Neuer.jpg */; };
		37759E1B1EBB39DB005F6322 /* TableViewCell.swift in Sources */ = {isa = PBXBuildFile; fileRef = 37759E1A1EBB39DB005F6322 /* TableViewCell.swift */; };
		37CEEC061EB9EA75000F206F /* AppDelegate.swift in Sources */ = {isa = PBXBuildFile; fileRef = 37CEEC051EB9EA75000F206F /* AppDelegate.swift */; };
		37CEEC081EB9EA75000F206F /* ViewController.swift in Sources */ = {isa = PBXBuildFile; fileRef = 37CEEC071EB9EA75000F206F /* ViewController.swift */; };
		37CEEC0B1EB9EA75000F206F /* Main.storyboard in Resources */ = {isa = PBXBuildFile; fileRef = 37CEEC091EB9EA75000F206F /* Main.storyboard */; };
		37CEEC0D1EB9EA75000F206F /* Assets.xcassets in Resources */ = {isa = PBXBuildFile; fileRef = 37CEEC0C1EB9EA75000F206F /* Assets.xcassets */; };
		37CEEC101EB9EA75000F206F /* LaunchScreen.storyboard in Resources */ = {isa = PBXBuildFile; fileRef = 37CEEC0E1EB9EA75000F206F /* LaunchScreen.storyboard */; };
		37CEEC1B1EB9EA75000F206F /* FanatasyFootballTests.swift in Sources */ = {isa = PBXBuildFile; fileRef = 37CEEC1A1EB9EA75000F206F /* FanatasyFootballTests.swift */; };
		37CEEC261EB9EA75000F206F /* FanatasyFootballUITests.swift in Sources */ = {isa = PBXBuildFile; fileRef = 37CEEC251EB9EA75000F206F /* FanatasyFootballUITests.swift */; };
		37D6918C1EBD85D5009D745E /* ViewController3.swift in Sources */ = {isa = PBXBuildFile; fileRef = 37D6918B1EBD85D5009D745E /* ViewController3.swift */; };
		37DAD86B1EBF327700CF4157 /* AnimatedSwitch.swift in Sources */ = {isa = PBXBuildFile; fileRef = 37DAD86A1EBF327700CF4157 /* AnimatedSwitch.swift */; };
		37DAD86D1EBF3E6F00CF4157 /* ViewController4.swift in Sources */ = {isa = PBXBuildFile; fileRef = 37DAD86C1EBF3E6F00CF4157 /* ViewController4.swift */; };
		7D8F834FA9B1F7A0CD8E1FC2 /* Pods_FanatasyFootballTests.framework in Frameworks */ = {isa = PBXBuildFile; fileRef = 03DC740401147275112AC333 /* Pods_FanatasyFootballTests.framework */; };
		8042AC8806230851ACE39413 /* Pods_FanatasyFootballUITests.framework in Frameworks */ = {isa = PBXBuildFile; fileRef = 804580E6DE12B9D27FD7E377 /* Pods_FanatasyFootballUITests.framework */; };
		B547FEF2777DE0204624FF17 /* Pods_FanatasyFootball.framework in Frameworks */ = {isa = PBXBuildFile; fileRef = CC6DD2A261145B2D5474CED2 /* Pods_FanatasyFootball.framework */; };
/* End PBXBuildFile section */

/* Begin PBXContainerItemProxy section */
		37CEEC171EB9EA75000F206F /* PBXContainerItemProxy */ = {
			isa = PBXContainerItemProxy;
			containerPortal = 37CEEBFA1EB9EA75000F206F /* Project object */;
			proxyType = 1;
			remoteGlobalIDString = 37CEEC011EB9EA75000F206F;
			remoteInfo = FanatasyFootball;
		};
		37CEEC221EB9EA75000F206F /* PBXContainerItemProxy */ = {
			isa = PBXContainerItemProxy;
			containerPortal = 37CEEBFA1EB9EA75000F206F /* Project object */;
			proxyType = 1;
			remoteGlobalIDString = 37CEEC011EB9EA75000F206F;
			remoteInfo = FanatasyFootball;
		};
/* End PBXContainerItemProxy section */

/* Begin PBXFileReference section */
		03DC740401147275112AC333 /* Pods_FanatasyFootballTests.framework */ = {isa = PBXFileReference; explicitFileType = wrapper.framework; includeInIndex = 0; path = Pods_FanatasyFootballTests.framework; sourceTree = BUILT_PRODUCTS_DIR; };
		37759DEC1EBAE065005F6322 /* ViewController2.swift */ = {isa = PBXFileReference; fileEncoding = 4; lastKnownFileType = sourcecode.swift; path = ViewController2.swift; sourceTree = "<group>"; };
		37759DF11EBB0E76005F6322 /* Diego Costa.jpg */ = {isa = PBXFileReference; lastKnownFileType = image.jpeg; path = "Diego Costa.jpg"; sourceTree = "<group>"; };
		37759DF21EBB0E76005F6322 /* Ibrahimovic.jpg */ = {isa = PBXFileReference; lastKnownFileType = image.jpeg; path = Ibrahimovic.jpg; sourceTree = "<group>"; };
		37759DF31EBB0E76005F6322 /* Lewandowski.jpg */ = {isa = PBXFileReference; lastKnownFileType = image.jpeg; path = Lewandowski.jpg; sourceTree = "<group>"; };
		37759DF41EBB0E76005F6322 /* Lionel Messi.jpg */ = {isa = PBXFileReference; lastKnownFileType = image.jpeg; path = "Lionel Messi.jpg"; sourceTree = "<group>"; };
		37759DFA1EBB0E8C005F6322 /* Eden Hazard.jpg */ = {isa = PBXFileReference; lastKnownFileType = image.jpeg; path = "Eden Hazard.jpg"; sourceTree = "<group>"; };
		37759DFB1EBB0E8C005F6322 /* Gareth Bale.jpg */ = {isa = PBXFileReference; lastKnownFileType = image.jpeg; path = "Gareth Bale.jpg"; sourceTree = "<group>"; };
		37759DFC1EBB0E8C005F6322 /* Luis Suarez.jpg */ = {isa = PBXFileReference; lastKnownFileType = image.jpeg; path = "Luis Suarez.jpg"; sourceTree = "<group>"; };
		37759DFD1EBB0E8C005F6322 /* Marco Reus.jpg */ = {isa = PBXFileReference; lastKnownFileType = image.jpeg; path = "Marco Reus.jpg"; sourceTree = "<group>"; };
		37759DFE1EBB0E8C005F6322 /* Neymar.jpg */ = {isa = PBXFileReference; lastKnownFileType = image.jpeg; path = Neymar.jpg; sourceTree = "<group>"; };
		37759E041EBB0E98005F6322 /* Hummels.jpg */ = {isa = PBXFileReference; lastKnownFileType = image.jpeg; path = Hummels.jpg; sourceTree = "<group>"; };
		37759E051EBB0E98005F6322 /* Jordi Alba.jpg */ = {isa = PBXFileReference; lastKnownFileType = image.jpeg; path = "Jordi Alba.jpg"; sourceTree = "<group>"; };
		37759E061EBB0E98005F6322 /* Pepe.jpg */ = {isa = PBXFileReference; lastKnownFileType = image.jpeg; path = Pepe.jpg; sourceTree = "<group>"; };
		37759E071EBB0E98005F6322 /* Pique.jpg */ = {isa = PBXFileReference; lastKnownFileType = image.jpeg; path = Pique.jpg; sourceTree = "<group>"; };
		37759E081EBB0E98005F6322 /* Sergio Ramos.jpg */ = {isa = PBXFileReference; lastKnownFileType = image.jpeg; path = "Sergio Ramos.jpg"; sourceTree = "<group>"; };
		37759E0E1EBB0EB2005F6322 /* Buffon.jpg */ = {isa = PBXFileReference; lastKnownFileType = image.jpeg; path = Buffon.jpg; sourceTree = "<group>"; };
		37759E0F1EBB0EB2005F6322 /* David De Gea.jpg */ = {isa = PBXFileReference; lastKnownFileType = image.jpeg; path = "David De Gea.jpg"; sourceTree = "<group>"; };
		37759E111EBB0EB2005F6322 /* Navas.jpg */ = {isa = PBXFileReference; lastKnownFileType = image.jpeg; path = Navas.jpg; sourceTree = "<group>"; };
		37759E121EBB0EB2005F6322 /* Neuer.jpg */ = {isa = PBXFileReference; lastKnownFileType = image.jpeg; path = Neuer.jpg; sourceTree = "<group>"; };
		37759E1A1EBB39DB005F6322 /* TableViewCell.swift */ = {isa = PBXFileReference; fileEncoding = 4; lastKnownFileType = sourcecode.swift; path = TableViewCell.swift; sourceTree = "<group>"; };
		37CEEC021EB9EA75000F206F /* FanatasyFootball.app */ = {isa = PBXFileReference; explicitFileType = wrapper.application; includeInIndex = 0; path = FanatasyFootball.app; sourceTree = BUILT_PRODUCTS_DIR; };
		37CEEC051EB9EA75000F206F /* AppDelegate.swift */ = {isa = PBXFileReference; lastKnownFileType = sourcecode.swift; path = AppDelegate.swift; sourceTree = "<group>"; };
		37CEEC071EB9EA75000F206F /* ViewController.swift */ = {isa = PBXFileReference; lastKnownFileType = sourcecode.swift; path = ViewController.swift; sourceTree = "<group>"; };
		37CEEC0A1EB9EA75000F206F /* Base */ = {isa = PBXFileReference; lastKnownFileType = file.storyboard; name = Base; path = Base.lproj/Main.storyboard; sourceTree = "<group>"; };
		37CEEC0C1EB9EA75000F206F /* Assets.xcassets */ = {isa = PBXFileReference; lastKnownFileType = folder.assetcatalog; path = Assets.xcassets; sourceTree = "<group>"; };
		37CEEC0F1EB9EA75000F206F /* Base */ = {isa = PBXFileReference; lastKnownFileType = file.storyboard; name = Base; path = Base.lproj/LaunchScreen.storyboard; sourceTree = "<group>"; };
		37CEEC111EB9EA75000F206F /* Info.plist */ = {isa = PBXFileReference; lastKnownFileType = text.plist.xml; path = Info.plist; sourceTree = "<group>"; };
		37CEEC161EB9EA75000F206F /* FanatasyFootballTests.xctest */ = {isa = PBXFileReference; explicitFileType = wrapper.cfbundle; includeInIndex = 0; path = FanatasyFootballTests.xctest; sourceTree = BUILT_PRODUCTS_DIR; };
		37CEEC1A1EB9EA75000F206F /* FanatasyFootballTests.swift */ = {isa = PBXFileReference; lastKnownFileType = sourcecode.swift; path = FanatasyFootballTests.swift; sourceTree = "<group>"; };
		37CEEC1C1EB9EA75000F206F /* Info.plist */ = {isa = PBXFileReference; lastKnownFileType = text.plist.xml; path = Info.plist; sourceTree = "<group>"; };
		37CEEC211EB9EA75000F206F /* FanatasyFootballUITests.xctest */ = {isa = PBXFileReference; explicitFileType = wrapper.cfbundle; includeInIndex = 0; path = FanatasyFootballUITests.xctest; sourceTree = BUILT_PRODUCTS_DIR; };
		37CEEC251EB9EA75000F206F /* FanatasyFootballUITests.swift */ = {isa = PBXFileReference; lastKnownFileType = sourcecode.swift; path = FanatasyFootballUITests.swift; sourceTree = "<group>"; };
		37CEEC271EB9EA75000F206F /* Info.plist */ = {isa = PBXFileReference; lastKnownFileType = text.plist.xml; path = Info.plist; sourceTree = "<group>"; };
		37D6918B1EBD85D5009D745E /* ViewController3.swift */ = {isa = PBXFileReference; fileEncoding = 4; lastKnownFileType = sourcecode.swift; path = ViewController3.swift; sourceTree = "<group>"; };
		37DAD86A1EBF327700CF4157 /* AnimatedSwitch.swift */ = {isa = PBXFileReference; fileEncoding = 4; lastKnownFileType = sourcecode.swift; path = AnimatedSwitch.swift; sourceTree = "<group>"; };
		37DAD86C1EBF3E6F00CF4157 /* ViewController4.swift */ = {isa = PBXFileReference; fileEncoding = 4; lastKnownFileType = sourcecode.swift; path = ViewController4.swift; sourceTree = "<group>"; };
		3E8D15B38D2E170B4DC42481 /* Pods-FanatasyFootballUITests.debug.xcconfig */ = {isa = PBXFileReference; includeInIndex = 1; lastKnownFileType = text.xcconfig; name = "Pods-FanatasyFootballUITests.debug.xcconfig"; path = "Pods/Target Support Files/Pods-FanatasyFootballUITests/Pods-FanatasyFootballUITests.debug.xcconfig"; sourceTree = "<group>"; };
		4CC04428D1E1A3C0F98DA21B /* Pods-FanatasyFootballTests.release.xcconfig */ = {isa = PBXFileReference; includeInIndex = 1; lastKnownFileType = text.xcconfig; name = "Pods-FanatasyFootballTests.release.xcconfig"; path = "Pods/Target Support Files/Pods-FanatasyFootballTests/Pods-FanatasyFootballTests.release.xcconfig"; sourceTree = "<group>"; };
		5ED5390C5B6F83B8AB06F8D2 /* Pods-FanatasyFootballTests.debug.xcconfig */ = {isa = PBXFileReference; includeInIndex = 1; lastKnownFileType = text.xcconfig; name = "Pods-FanatasyFootballTests.debug.xcconfig"; path = "Pods/Target Support Files/Pods-FanatasyFootballTests/Pods-FanatasyFootballTests.debug.xcconfig"; sourceTree = "<group>"; };
		75AACB2922D1CAD23C76B48B /* Pods-FanatasyFootball.debug.xcconfig */ = {isa = PBXFileReference; includeInIndex = 1; lastKnownFileType = text.xcconfig; name = "Pods-FanatasyFootball.debug.xcconfig"; path = "Pods/Target Support Files/Pods-FanatasyFootball/Pods-FanatasyFootball.debug.xcconfig"; sourceTree = "<group>"; };
		804580E6DE12B9D27FD7E377 /* Pods_FanatasyFootballUITests.framework */ = {isa = PBXFileReference; explicitFileType = wrapper.framework; includeInIndex = 0; path = Pods_FanatasyFootballUITests.framework; sourceTree = BUILT_PRODUCTS_DIR; };
		CC6DD2A261145B2D5474CED2 /* Pods_FanatasyFootball.framework */ = {isa = PBXFileReference; explicitFileType = wrapper.framework; includeInIndex = 0; path = Pods_FanatasyFootball.framework; sourceTree = BUILT_PRODUCTS_DIR; };
		E244C8131B61ACE5B8A4C637 /* Pods-FanatasyFootball.release.xcconfig */ = {isa = PBXFileReference; includeInIndex = 1; lastKnownFileType = text.xcconfig; name = "Pods-FanatasyFootball.release.xcconfig"; path = "Pods/Target Support Files/Pods-FanatasyFootball/Pods-FanatasyFootball.release.xcconfig"; sourceTree = "<group>"; };
		FC11D8D20767C0261217195F /* Pods-FanatasyFootballUITests.release.xcconfig */ = {isa = PBXFileReference; includeInIndex = 1; lastKnownFileType = text.xcconfig; name = "Pods-FanatasyFootballUITests.release.xcconfig"; path = "Pods/Target Support Files/Pods-FanatasyFootballUITests/Pods-FanatasyFootballUITests.release.xcconfig"; sourceTree = "<group>"; };
/* End PBXFileReference section */

/* Begin PBXFrameworksBuildPhase section */
		37CEEBFF1EB9EA75000F206F /* Frameworks */ = {
			isa = PBXFrameworksBuildPhase;
			buildActionMask = 2147483647;
			files = (
				B547FEF2777DE0204624FF17 /* Pods_FanatasyFootball.framework in Frameworks */,
			);
			runOnlyForDeploymentPostprocessing = 0;
		};
		37CEEC131EB9EA75000F206F /* Frameworks */ = {
			isa = PBXFrameworksBuildPhase;
			buildActionMask = 2147483647;
			files = (
				7D8F834FA9B1F7A0CD8E1FC2 /* Pods_FanatasyFootballTests.framework in Frameworks */,
			);
			runOnlyForDeploymentPostprocessing = 0;
		};
		37CEEC1E1EB9EA75000F206F /* Frameworks */ = {
			isa = PBXFrameworksBuildPhase;
			buildActionMask = 2147483647;
			files = (
				8042AC8806230851ACE39413 /* Pods_FanatasyFootballUITests.framework in Frameworks */,
			);
			runOnlyForDeploymentPostprocessing = 0;
		};
/* End PBXFrameworksBuildPhase section */

/* Begin PBXGroup section */
		37CE3F2FB5C786EABC8D915B /* Frameworks */ = {
			isa = PBXGroup;
			children = (
				CC6DD2A261145B2D5474CED2 /* Pods_FanatasyFootball.framework */,
				03DC740401147275112AC333 /* Pods_FanatasyFootballTests.framework */,
				804580E6DE12B9D27FD7E377 /* Pods_FanatasyFootballUITests.framework */,
			);
			name = Frameworks;
			sourceTree = "<group>";
		};
		37CEEBF91EB9EA75000F206F = {
			isa = PBXGroup;
			children = (
				37CEEC041EB9EA75000F206F /* FanatasyFootball */,
				37CEEC191EB9EA75000F206F /* FanatasyFootballTests */,
				37CEEC241EB9EA75000F206F /* FanatasyFootballUITests */,
				37CEEC031EB9EA75000F206F /* Products */,
				CE1061638394E20C3FB4A214 /* Pods */,
				37CE3F2FB5C786EABC8D915B /* Frameworks */,
			);
			sourceTree = "<group>";
		};
		37CEEC031EB9EA75000F206F /* Products */ = {
			isa = PBXGroup;
			children = (
				37CEEC021EB9EA75000F206F /* FanatasyFootball.app */,
				37CEEC161EB9EA75000F206F /* FanatasyFootballTests.xctest */,
				37CEEC211EB9EA75000F206F /* FanatasyFootballUITests.xctest */,
			);
			name = Products;
			sourceTree = "<group>";
		};
		37CEEC041EB9EA75000F206F /* FanatasyFootball */ = {
			isa = PBXGroup;
			children = (
				37CEEC051EB9EA75000F206F /* AppDelegate.swift */,
				37CEEC071EB9EA75000F206F /* ViewController.swift */,
				37759DEC1EBAE065005F6322 /* ViewController2.swift */,
				37D6918B1EBD85D5009D745E /* ViewController3.swift */,
				37DAD86C1EBF3E6F00CF4157 /* ViewController4.swift */,
				37759E1A1EBB39DB005F6322 /* TableViewCell.swift */,
				37DAD86A1EBF327700CF4157 /* AnimatedSwitch.swift */,
				37CEEC091EB9EA75000F206F /* Main.storyboard */,
				37CEEC0C1EB9EA75000F206F /* Assets.xcassets */,
				37CEEC0E1EB9EA75000F206F /* LaunchScreen.storyboard */,
				37CEEC111EB9EA75000F206F /* Info.plist */,
				37759DF11EBB0E76005F6322 /* Diego Costa.jpg */,
				37759DF21EBB0E76005F6322 /* Ibrahimovic.jpg */,
				37759DF31EBB0E76005F6322 /* Lewandowski.jpg */,
				37759DF41EBB0E76005F6322 /* Lionel Messi.jpg */,
				37759DFA1EBB0E8C005F6322 /* Eden Hazard.jpg */,
				37759DFB1EBB0E8C005F6322 /* Gareth Bale.jpg */,
				37759DFC1EBB0E8C005F6322 /* Luis Suarez.jpg */,
				37759DFD1EBB0E8C005F6322 /* Marco Reus.jpg */,
				37759DFE1EBB0E8C005F6322 /* Neymar.jpg */,
				37759E041EBB0E98005F6322 /* Hummels.jpg */,
				37759E051EBB0E98005F6322 /* Jordi Alba.jpg */,
				37759E061EBB0E98005F6322 /* Pepe.jpg */,
				37759E071EBB0E98005F6322 /* Pique.jpg */,
				37759E081EBB0E98005F6322 /* Sergio Ramos.jpg */,
				37759E0E1EBB0EB2005F6322 /* Buffon.jpg */,
				37759E0F1EBB0EB2005F6322 /* David De Gea.jpg */,
				37759E111EBB0EB2005F6322 /* Navas.jpg */,
				37759E121EBB0EB2005F6322 /* Neuer.jpg */,
			);
			path = FanatasyFootball;
			sourceTree = "<group>";
		};
		37CEEC191EB9EA75000F206F /* FanatasyFootballTests */ = {
			isa = PBXGroup;
			children = (
				37CEEC1A1EB9EA75000F206F /* FanatasyFootballTests.swift */,
				37CEEC1C1EB9EA75000F206F /* Info.plist */,
			);
			path = FanatasyFootballTests;
			sourceTree = "<group>";
		};
		37CEEC241EB9EA75000F206F /* FanatasyFootballUITests */ = {
			isa = PBXGroup;
			children = (
				37CEEC251EB9EA75000F206F /* FanatasyFootballUITests.swift */,
				37CEEC271EB9EA75000F206F /* Info.plist */,
			);
			path = FanatasyFootballUITests;
			sourceTree = "<group>";
		};
		CE1061638394E20C3FB4A214 /* Pods */ = {
			isa = PBXGroup;
			children = (
				75AACB2922D1CAD23C76B48B /* Pods-FanatasyFootball.debug.xcconfig */,
				E244C8131B61ACE5B8A4C637 /* Pods-FanatasyFootball.release.xcconfig */,
				5ED5390C5B6F83B8AB06F8D2 /* Pods-FanatasyFootballTests.debug.xcconfig */,
				4CC04428D1E1A3C0F98DA21B /* Pods-FanatasyFootballTests.release.xcconfig */,
				3E8D15B38D2E170B4DC42481 /* Pods-FanatasyFootballUITests.debug.xcconfig */,
				FC11D8D20767C0261217195F /* Pods-FanatasyFootballUITests.release.xcconfig */,
			);
			name = Pods;
			sourceTree = "<group>";
		};
/* End PBXGroup section */

/* Begin PBXNativeTarget section */
		37CEEC011EB9EA75000F206F /* FanatasyFootball */ = {
			isa = PBXNativeTarget;
			buildConfigurationList = 37CEEC2A1EB9EA75000F206F /* Build configuration list for PBXNativeTarget "FanatasyFootball" */;
			buildPhases = (
				306C21306DE2501558DBCF16 /* [CP] Check Pods Manifest.lock */,
				37CEEBFE1EB9EA75000F206F /* Sources */,
				37CEEBFF1EB9EA75000F206F /* Frameworks */,
				37CEEC001EB9EA75000F206F /* Resources */,
				231E94E8F33C0081B5012BA9 /* [CP] Embed Pods Frameworks */,
				553B56FC3B9E9EBF526DD9BF /* [CP] Copy Pods Resources */,
			);
			buildRules = (
			);
			dependencies = (
			);
			name = FanatasyFootball;
			productName = FanatasyFootball;
			productReference = 37CEEC021EB9EA75000F206F /* FanatasyFootball.app */;
			productType = "com.apple.product-type.application";
		};
		37CEEC151EB9EA75000F206F /* FanatasyFootballTests */ = {
			isa = PBXNativeTarget;
			buildConfigurationList = 37CEEC2D1EB9EA75000F206F /* Build configuration list for PBXNativeTarget "FanatasyFootballTests" */;
			buildPhases = (
				4D046B6E7224A56B751E8DEA /* [CP] Check Pods Manifest.lock */,
				37CEEC121EB9EA75000F206F /* Sources */,
				37CEEC131EB9EA75000F206F /* Frameworks */,
				37CEEC141EB9EA75000F206F /* Resources */,
				4F6426B0621E9557791A0493 /* [CP] Embed Pods Frameworks */,
				366B4215AD8B7960E4776E5C /* [CP] Copy Pods Resources */,
			);
			buildRules = (
			);
			dependencies = (
				37CEEC181EB9EA75000F206F /* PBXTargetDependency */,
			);
			name = FanatasyFootballTests;
			productName = FanatasyFootballTests;
			productReference = 37CEEC161EB9EA75000F206F /* FanatasyFootballTests.xctest */;
			productType = "com.apple.product-type.bundle.unit-test";
		};
		37CEEC201EB9EA75000F206F /* FanatasyFootballUITests */ = {
			isa = PBXNativeTarget;
			buildConfigurationList = 37CEEC301EB9EA75000F206F /* Build configuration list for PBXNativeTarget "FanatasyFootballUITests" */;
			buildPhases = (
				6514BEB759B7F55C3589427A /* [CP] Check Pods Manifest.lock */,
				37CEEC1D1EB9EA75000F206F /* Sources */,
				37CEEC1E1EB9EA75000F206F /* Frameworks */,
				37CEEC1F1EB9EA75000F206F /* Resources */,
				132CB065957DBDF3229BD071 /* [CP] Embed Pods Frameworks */,
				C87C301ABD01520128290E9D /* [CP] Copy Pods Resources */,
			);
			buildRules = (
			);
			dependencies = (
				37CEEC231EB9EA75000F206F /* PBXTargetDependency */,
			);
			name = FanatasyFootballUITests;
			productName = FanatasyFootballUITests;
			productReference = 37CEEC211EB9EA75000F206F /* FanatasyFootballUITests.xctest */;
			productType = "com.apple.product-type.bundle.ui-testing";
		};
/* End PBXNativeTarget section */

/* Begin PBXProject section */
		37CEEBFA1EB9EA75000F206F /* Project object */ = {
			isa = PBXProject;
			attributes = {
				LastSwiftUpdateCheck = 0820;
				LastUpgradeCheck = 0820;
				ORGANIZATIONNAME = "Devansh Sharma";
				TargetAttributes = {
					37CEEC011EB9EA75000F206F = {
						CreatedOnToolsVersion = 8.2.1;
						ProvisioningStyle = Automatic;
					};
					37CEEC151EB9EA75000F206F = {
						CreatedOnToolsVersion = 8.2.1;
						ProvisioningStyle = Automatic;
						TestTargetID = 37CEEC011EB9EA75000F206F;
					};
					37CEEC201EB9EA75000F206F = {
						CreatedOnToolsVersion = 8.2.1;
						ProvisioningStyle = Automatic;
						TestTargetID = 37CEEC011EB9EA75000F206F;
					};
				};
			};
			buildConfigurationList = 37CEEBFD1EB9EA75000F206F /* Build configuration list for PBXProject "FanatasyFootball" */;
			compatibilityVersion = "Xcode 3.2";
			developmentRegion = English;
			hasScannedForEncodings = 0;
			knownRegions = (
				en,
				Base,
			);
			mainGroup = 37CEEBF91EB9EA75000F206F;
			productRefGroup = 37CEEC031EB9EA75000F206F /* Products */;
			projectDirPath = "";
			projectRoot = "";
			targets = (
				37CEEC011EB9EA75000F206F /* FanatasyFootball */,
				37CEEC151EB9EA75000F206F /* FanatasyFootballTests */,
				37CEEC201EB9EA75000F206F /* FanatasyFootballUITests */,
			);
		};
/* End PBXProject section */

/* Begin PBXResourcesBuildPhase section */
		37CEEC001EB9EA75000F206F /* Resources */ = {
			isa = PBXResourcesBuildPhase;
			buildActionMask = 2147483647;
			files = (
				37759E031EBB0E8C005F6322 /* Neymar.jpg in Resources */,
				37759E0C1EBB0E98005F6322 /* Pique.jpg in Resources */,
				37759E0B1EBB0E98005F6322 /* Pepe.jpg in Resources */,
				37759E011EBB0E8C005F6322 /* Luis Suarez.jpg in Resources */,
				37759DF61EBB0E76005F6322 /* Diego Costa.jpg in Resources */,
				37759E161EBB0EB2005F6322 /* Navas.jpg in Resources */,
				37759E021EBB0E8C005F6322 /* Marco Reus.jpg in Resources */,
				37759DF71EBB0E76005F6322 /* Ibrahimovic.jpg in Resources */,
				37759E0A1EBB0E98005F6322 /* Jordi Alba.jpg in Resources */,
				37759E0D1EBB0E98005F6322 /* Sergio Ramos.jpg in Resources */,
				37759E141EBB0EB2005F6322 /* David De Gea.jpg in Resources */,
				37759E171EBB0EB2005F6322 /* Neuer.jpg in Resources */,
				37759DF91EBB0E76005F6322 /* Lionel Messi.jpg in Resources */,
				37759DFF1EBB0E8C005F6322 /* Eden Hazard.jpg in Resources */,
				37CEEC101EB9EA75000F206F /* LaunchScreen.storyboard in Resources */,
				37CEEC0D1EB9EA75000F206F /* Assets.xcassets in Resources */,
				37CEEC0B1EB9EA75000F206F /* Main.storyboard in Resources */,
				37759DF81EBB0E76005F6322 /* Lewandowski.jpg in Resources */,
				37759E131EBB0EB2005F6322 /* Buffon.jpg in Resources */,
				37759E001EBB0E8C005F6322 /* Gareth Bale.jpg in Resources */,
				37759E091EBB0E98005F6322 /* Hummels.jpg in Resources */,
			);
			runOnlyForDeploymentPostprocessing = 0;
		};
		37CEEC141EB9EA75000F206F /* Resources */ = {
			isa = PBXResourcesBuildPhase;
			buildActionMask = 2147483647;
			files = (
			);
			runOnlyForDeploymentPostprocessing = 0;
		};
		37CEEC1F1EB9EA75000F206F /* Resources */ = {
			isa = PBXResourcesBuildPhase;
			buildActionMask = 2147483647;
			files = (
			);
			runOnlyForDeploymentPostprocessing = 0;
		};
/* End PBXResourcesBuildPhase section */

/* Begin PBXShellScriptBuildPhase section */
		132CB065957DBDF3229BD071 /* [CP] Embed Pods Frameworks */ = {
			isa = PBXShellScriptBuildPhase;
			buildActionMask = 2147483647;
			files = (
			);
			inputPaths = (
			);
			name = "[CP] Embed Pods Frameworks";
			outputPaths = (
			);
			runOnlyForDeploymentPostprocessing = 0;
			shellPath = /bin/sh;
			shellScript = "\"${SRCROOT}/Pods/Target Support Files/Pods-FanatasyFootballUITests/Pods-FanatasyFootballUITests-frameworks.sh\"\n";
			showEnvVarsInLog = 0;
		};
		231E94E8F33C0081B5012BA9 /* [CP] Embed Pods Frameworks */ = {
			isa = PBXShellScriptBuildPhase;
			buildActionMask = 2147483647;
			files = (
			);
			inputPaths = (
			);
			name = "[CP] Embed Pods Frameworks";
			outputPaths = (
			);
			runOnlyForDeploymentPostprocessing = 0;
			shellPath = /bin/sh;
			shellScript = "\"${SRCROOT}/Pods/Target Support Files/Pods-FanatasyFootball/Pods-FanatasyFootball-frameworks.sh\"\n";
			showEnvVarsInLog = 0;
		};
		306C21306DE2501558DBCF16 /* [CP] Check Pods Manifest.lock */ = {
			isa = PBXShellScriptBuildPhase;
			buildActionMask = 2147483647;
			files = (
			);
			inputPaths = (
			);
			name = "[CP] Check Pods Manifest.lock";
			outputPaths = (
			);
			runOnlyForDeploymentPostprocessing = 0;
			shellPath = /bin/sh;
			shellScript = "diff \"${PODS_PODFILE_DIR_PATH}/Podfile.lock\" \"${PODS_ROOT}/Manifest.lock\" > /dev/null\nif [ $? != 0 ] ; then\n    # print error to STDERR\n    echo \"error: The sandbox is not in sync with the Podfile.lock. Run 'pod install' or update your CocoaPods installation.\" >&2\n    exit 1\nfi\n";
			showEnvVarsInLog = 0;
		};
		366B4215AD8B7960E4776E5C /* [CP] Copy Pods Resources */ = {
			isa = PBXShellScriptBuildPhase;
			buildActionMask = 2147483647;
			files = (
			);
			inputPaths = (
			);
			name = "[CP] Copy Pods Resources";
			outputPaths = (
			);
			runOnlyForDeploymentPostprocessing = 0;
			shellPath = /bin/sh;
			shellScript = "\"${SRCROOT}/Pods/Target Support Files/Pods-FanatasyFootballTests/Pods-FanatasyFootballTests-resources.sh\"\n";
			showEnvVarsInLog = 0;
		};
		4D046B6E7224A56B751E8DEA /* [CP] Check Pods Manifest.lock */ = {
			isa = PBXShellScriptBuildPhase;
			buildActionMask = 2147483647;
			files = (
			);
			inputPaths = (
			);
			name = "[CP] Check Pods Manifest.lock";
			outputPaths = (
			);
			runOnlyForDeploymentPostprocessing = 0;
			shellPath = /bin/sh;
			shellScript = "diff \"${PODS_PODFILE_DIR_PATH}/Podfile.lock\" \"${PODS_ROOT}/Manifest.lock\" > /dev/null\nif [ $? != 0 ] ; then\n    # print error to STDERR\n    echo \"error: The sandbox is not in sync with the Podfile.lock. Run 'pod install' or update your CocoaPods installation.\" >&2\n    exit 1\nfi\n";
			showEnvVarsInLog = 0;
		};
		4F6426B0621E9557791A0493 /* [CP] Embed Pods Frameworks */ = {
			isa = PBXShellScriptBuildPhase;
			buildActionMask = 2147483647;
			files = (
			);
			inputPaths = (
			);
			name = "[CP] Embed Pods Frameworks";
			outputPaths = (
			);
			runOnlyForDeploymentPostprocessing = 0;
			shellPath = /bin/sh;
			shellScript = "\"${SRCROOT}/Pods/Target Support Files/Pods-FanatasyFootballTests/Pods-FanatasyFootballTests-frameworks.sh\"\n";
			showEnvVarsInLog = 0;
		};
		553B56FC3B9E9EBF526DD9BF /* [CP] Copy Pods Resources */ = {
			isa = PBXShellScriptBuildPhase;
			buildActionMask = 2147483647;
			files = (
			);
			inputPaths = (
			);
			name = "[CP] Copy Pods Resources";
			outputPaths = (
			);
			runOnlyForDeploymentPostprocessing = 0;
			shellPath = /bin/sh;
			shellScript = "\"${SRCROOT}/Pods/Target Support Files/Pods-FanatasyFootball/Pods-FanatasyFootball-resources.sh\"\n";
			showEnvVarsInLog = 0;
		};
		6514BEB759B7F55C3589427A /* [CP] Check Pods Manifest.lock */ = {
			isa = PBXShellScriptBuildPhase;
			buildActionMask = 2147483647;
			files = (
			);
			inputPaths = (
			);
			name = "[CP] Check Pods Manifest.lock";
			outputPaths = (
			);
			runOnlyForDeploymentPostprocessing = 0;
			shellPath = /bin/sh;
			shellScript = "diff \"${PODS_PODFILE_DIR_PATH}/Podfile.lock\" \"${PODS_ROOT}/Manifest.lock\" > /dev/null\nif [ $? != 0 ] ; then\n    # print error to STDERR\n    echo \"error: The sandbox is not in sync with the Podfile.lock. Run 'pod install' or update your CocoaPods installation.\" >&2\n    exit 1\nfi\n";
			showEnvVarsInLog = 0;
		};
		C87C301ABD01520128290E9D /* [CP] Copy Pods Resources */ = {
			isa = PBXShellScriptBuildPhase;
			buildActionMask = 2147483647;
			files = (
			);
			inputPaths = (
			);
			name = "[CP] Copy Pods Resources";
			outputPaths = (
			);
			runOnlyForDeploymentPostprocessing = 0;
			shellPath = /bin/sh;
			shellScript = "\"${SRCROOT}/Pods/Target Support Files/Pods-FanatasyFootballUITests/Pods-FanatasyFootballUITests-resources.sh\"\n";
			showEnvVarsInLog = 0;
		};
/* End PBXShellScriptBuildPhase section */

/* Begin PBXSourcesBuildPhase section */
		37CEEBFE1EB9EA75000F206F /* Sources */ = {
			isa = PBXSourcesBuildPhase;
			buildActionMask = 2147483647;
			files = (
				37DAD86B1EBF327700CF4157 /* AnimatedSwitch.swift in Sources */,
				37DAD86D1EBF3E6F00CF4157 /* ViewController4.swift in Sources */,
				37D6918C1EBD85D5009D745E /* ViewController3.swift in Sources */,
				37CEEC081EB9EA75000F206F /* ViewController.swift in Sources */,
				37759E1B1EBB39DB005F6322 /* TableViewCell.swift in Sources */,
				37CEEC061EB9EA75000F206F /* AppDelegate.swift in Sources */,
				37759DED1EBAE065005F6322 /* ViewController2.swift in Sources */,
			);
			runOnlyForDeploymentPostprocessing = 0;
		};
		37CEEC121EB9EA75000F206F /* Sources */ = {
			isa = PBXSourcesBuildPhase;
			buildActionMask = 2147483647;
			files = (
				37CEEC1B1EB9EA75000F206F /* FanatasyFootballTests.swift in Sources */,
			);
			runOnlyForDeploymentPostprocessing = 0;
		};
		37CEEC1D1EB9EA75000F206F /* Sources */ = {
			isa = PBXSourcesBuildPhase;
			buildActionMask = 2147483647;
			files = (
				37CEEC261EB9EA75000F206F /* FanatasyFootballUITests.swift in Sources */,
			);
			runOnlyForDeploymentPostprocessing = 0;
		};
/* End PBXSourcesBuildPhase section */

/* Begin PBXTargetDependency section */
		37CEEC181EB9EA75000F206F /* PBXTargetDependency */ = {
			isa = PBXTargetDependency;
			target = 37CEEC011EB9EA75000F206F /* FanatasyFootball */;
			targetProxy = 37CEEC171EB9EA75000F206F /* PBXContainerItemProxy */;
		};
		37CEEC231EB9EA75000F206F /* PBXTargetDependency */ = {
			isa = PBXTargetDependency;
			target = 37CEEC011EB9EA75000F206F /* FanatasyFootball */;
			targetProxy = 37CEEC221EB9EA75000F206F /* PBXContainerItemProxy */;
		};
/* End PBXTargetDependency section */

/* Begin PBXVariantGroup section */
		37CEEC091EB9EA75000F206F /* Main.storyboard */ = {
			isa = PBXVariantGroup;
			children = (
				37CEEC0A1EB9EA75000F206F /* Base */,
			);
			name = Main.storyboard;
			sourceTree = "<group>";
		};
		37CEEC0E1EB9EA75000F206F /* LaunchScreen.storyboard */ = {
			isa = PBXVariantGroup;
			children = (
				37CEEC0F1EB9EA75000F206F /* Base */,
			);
			name = LaunchScreen.storyboard;
			sourceTree = "<group>";
		};
/* End PBXVariantGroup section */

/* Begin XCBuildConfiguration section */
		37CEEC281EB9EA75000F206F /* Debug */ = {
			isa = XCBuildConfiguration;
			buildSettings = {
				ALWAYS_SEARCH_USER_PATHS = NO;
				CLANG_ANALYZER_NONNULL = YES;
				CLANG_CXX_LANGUAGE_STANDARD = "gnu++0x";
				CLANG_CXX_LIBRARY = "libc++";
				CLANG_ENABLE_MODULES = YES;
				CLANG_ENABLE_OBJC_ARC = YES;
				CLANG_WARN_BOOL_CONVERSION = YES;
				CLANG_WARN_CONSTANT_CONVERSION = YES;
				CLANG_WARN_DIRECT_OBJC_ISA_USAGE = YES_ERROR;
				CLANG_WARN_DOCUMENTATION_COMMENTS = YES;
				CLANG_WARN_EMPTY_BODY = YES;
				CLANG_WARN_ENUM_CONVERSION = YES;
				CLANG_WARN_INFINITE_RECURSION = YES;
				CLANG_WARN_INT_CONVERSION = YES;
				CLANG_WARN_OBJC_ROOT_CLASS = YES_ERROR;
				CLANG_WARN_SUSPICIOUS_MOVE = YES;
				CLANG_WARN_UNREACHABLE_CODE = YES;
				CLANG_WARN__DUPLICATE_METHOD_MATCH = YES;
				"CODE_SIGN_IDENTITY[sdk=iphoneos*]" = "iPhone Developer";
				COPY_PHASE_STRIP = NO;
				DEBUG_INFORMATION_FORMAT = dwarf;
				ENABLE_STRICT_OBJC_MSGSEND = YES;
				ENABLE_TESTABILITY = YES;
				GCC_C_LANGUAGE_STANDARD = gnu99;
				GCC_DYNAMIC_NO_PIC = NO;
				GCC_NO_COMMON_BLOCKS = YES;
				GCC_OPTIMIZATION_LEVEL = 0;
				GCC_PREPROCESSOR_DEFINITIONS = (
					"DEBUG=1",
					"$(inherited)",
				);
				GCC_WARN_64_TO_32_BIT_CONVERSION = YES;
				GCC_WARN_ABOUT_RETURN_TYPE = YES_ERROR;
				GCC_WARN_UNDECLARED_SELECTOR = YES;
				GCC_WARN_UNINITIALIZED_AUTOS = YES_AGGRESSIVE;
				GCC_WARN_UNUSED_FUNCTION = YES;
				GCC_WARN_UNUSED_VARIABLE = YES;
				IPHONEOS_DEPLOYMENT_TARGET = 10.2;
				MTL_ENABLE_DEBUG_INFO = YES;
				ONLY_ACTIVE_ARCH = YES;
				SDKROOT = iphoneos;
				SWIFT_ACTIVE_COMPILATION_CONDITIONS = DEBUG;
				SWIFT_OPTIMIZATION_LEVEL = "-Onone";
				TARGETED_DEVICE_FAMILY = "1,2";
			};
			name = Debug;
		};
		37CEEC291EB9EA75000F206F /* Release */ = {
			isa = XCBuildConfiguration;
			buildSettings = {
				ALWAYS_SEARCH_USER_PATHS = NO;
				CLANG_ANALYZER_NONNULL = YES;
				CLANG_CXX_LANGUAGE_STANDARD = "gnu++0x";
				CLANG_CXX_LIBRARY = "libc++";
				CLANG_ENABLE_MODULES = YES;
				CLANG_ENABLE_OBJC_ARC = YES;
				CLANG_WARN_BOOL_CONVERSION = YES;
				CLANG_WARN_CONSTANT_CONVERSION = YES;
				CLANG_WARN_DIRECT_OBJC_ISA_USAGE = YES_ERROR;
				CLANG_WARN_DOCUMENTATION_COMMENTS = YES;
				CLANG_WARN_EMPTY_BODY = YES;
				CLANG_WARN_ENUM_CONVERSION = YES;
				CLANG_WARN_INFINITE_RECURSION = YES;
				CLANG_WARN_INT_CONVERSION = YES;
				CLANG_WARN_OBJC_ROOT_CLASS = YES_ERROR;
				CLANG_WARN_SUSPICIOUS_MOVE = YES;
				CLANG_WARN_UNREACHABLE_CODE = YES;
				CLANG_WARN__DUPLICATE_METHOD_MATCH = YES;
				"CODE_SIGN_IDENTITY[sdk=iphoneos*]" = "iPhone Developer";
				COPY_PHASE_STRIP = NO;
				DEBUG_INFORMATION_FORMAT = "dwarf-with-dsym";
				ENABLE_NS_ASSERTIONS = NO;
				ENABLE_STRICT_OBJC_MSGSEND = YES;
				GCC_C_LANGUAGE_STANDARD = gnu99;
				GCC_NO_COMMON_BLOCKS = YES;
				GCC_WARN_64_TO_32_BIT_CONVERSION = YES;
				GCC_WARN_ABOUT_RETURN_TYPE = YES_ERROR;
				GCC_WARN_UNDECLARED_SELECTOR = YES;
				GCC_WARN_UNINITIALIZED_AUTOS = YES_AGGRESSIVE;
				GCC_WARN_UNUSED_FUNCTION = YES;
				GCC_WARN_UNUSED_VARIABLE = YES;
				IPHONEOS_DEPLOYMENT_TARGET = 10.2;
				MTL_ENABLE_DEBUG_INFO = NO;
				SDKROOT = iphoneos;
				SWIFT_OPTIMIZATION_LEVEL = "-Owholemodule";
				TARGETED_DEVICE_FAMILY = "1,2";
				VALIDATE_PRODUCT = YES;
			};
			name = Release;
		};
		37CEEC2B1EB9EA75000F206F /* Debug */ = {
			isa = XCBuildConfiguration;
			baseConfigurationReference = 75AACB2922D1CAD23C76B48B /* Pods-FanatasyFootball.debug.xcconfig */;
			buildSettings = {
				ASSETCATALOG_COMPILER_APPICON_NAME = AppIcon;
				INFOPLIST_FILE = FanatasyFootball/Info.plist;
				LD_RUNPATH_SEARCH_PATHS = "$(inherited) @executable_path/Frameworks";
				PRODUCT_BUNDLE_IDENTIFIER = com.devansh.FanatasyFootball;
				PRODUCT_NAME = "$(TARGET_NAME)";
				SWIFT_VERSION = 3.0;
			};
			name = Debug;
		};
		37CEEC2C1EB9EA75000F206F /* Release */ = {
			isa = XCBuildConfiguration;
			baseConfigurationReference = E244C8131B61ACE5B8A4C637 /* Pods-FanatasyFootball.release.xcconfig */;
			buildSettings = {
				ASSETCATALOG_COMPILER_APPICON_NAME = AppIcon;
				INFOPLIST_FILE = FanatasyFootball/Info.plist;
				LD_RUNPATH_SEARCH_PATHS = "$(inherited) @executable_path/Frameworks";
				PRODUCT_BUNDLE_IDENTIFIER = com.devansh.FanatasyFootball;
				PRODUCT_NAME = "$(TARGET_NAME)";
				SWIFT_VERSION = 3.0;
			};
			name = Release;
		};
		37CEEC2E1EB9EA75000F206F /* Debug */ = {
			isa = XCBuildConfiguration;
			baseConfigurationReference = 5ED5390C5B6F83B8AB06F8D2 /* Pods-FanatasyFootballTests.debug.xcconfig */;
			buildSettings = {
				ALWAYS_EMBED_SWIFT_STANDARD_LIBRARIES = YES;
				BUNDLE_LOADER = "$(TEST_HOST)";
				INFOPLIST_FILE = FanatasyFootballTests/Info.plist;
				LD_RUNPATH_SEARCH_PATHS = "$(inherited) @executable_path/Frameworks @loader_path/Frameworks";
				PRODUCT_BUNDLE_IDENTIFIER = com.devansh.FanatasyFootballTests;
				PRODUCT_NAME = "$(TARGET_NAME)";
				SWIFT_VERSION = 3.0;
				TEST_HOST = "$(BUILT_PRODUCTS_DIR)/FanatasyFootball.app/FanatasyFootball";
			};
			name = Debug;
		};
		37CEEC2F1EB9EA75000F206F /* Release */ = {
			isa = XCBuildConfiguration;
			baseConfigurationReference = 4CC04428D1E1A3C0F98DA21B /* Pods-FanatasyFootballTests.release.xcconfig */;
			buildSettings = {
				ALWAYS_EMBED_SWIFT_STANDARD_LIBRARIES = YES;
				BUNDLE_LOADER = "$(TEST_HOST)";
				INFOPLIST_FILE = FanatasyFootballTests/Info.plist;
				LD_RUNPATH_SEARCH_PATHS = "$(inherited) @executable_path/Frameworks @loader_path/Frameworks";
				PRODUCT_BUNDLE_IDENTIFIER = com.devansh.FanatasyFootballTests;
				PRODUCT_NAME = "$(TARGET_NAME)";
				SWIFT_VERSION = 3.0;
				TEST_HOST = "$(BUILT_PRODUCTS_DIR)/FanatasyFootball.app/FanatasyFootball";
			};
			name = Release;
		};
		37CEEC311EB9EA75000F206F /* Debug */ = {
			isa = XCBuildConfiguration;
			baseConfigurationReference = 3E8D15B38D2E170B4DC42481 /* Pods-FanatasyFootballUITests.debug.xcconfig */;
			buildSettings = {
				ALWAYS_EMBED_SWIFT_STANDARD_LIBRARIES = YES;
				INFOPLIST_FILE = FanatasyFootballUITests/Info.plist;
				LD_RUNPATH_SEARCH_PATHS = "$(inherited) @executable_path/Frameworks @loader_path/Frameworks";
				PRODUCT_BUNDLE_IDENTIFIER = com.devansh.FanatasyFootballUITests;
				PRODUCT_NAME = "$(TARGET_NAME)";
				SWIFT_VERSION = 3.0;
				TEST_TARGET_NAME = FanatasyFootball;
			};
			name = Debug;
		};
		37CEEC321EB9EA75000F206F /* Release */ = {
			isa = XCBuildConfiguration;
			baseConfigurationReference = FC11D8D20767C0261217195F /* Pods-FanatasyFootballUITests.release.xcconfig */;
			buildSettings = {
				ALWAYS_EMBED_SWIFT_STANDARD_LIBRARIES = YES;
				INFOPLIST_FILE = FanatasyFootballUITests/Info.plist;
				LD_RUNPATH_SEARCH_PATHS = "$(inherited) @executable_path/Frameworks @loader_path/Frameworks";
				PRODUCT_BUNDLE_IDENTIFIER = com.devansh.FanatasyFootballUITests;
				PRODUCT_NAME = "$(TARGET_NAME)";
				SWIFT_VERSION = 3.0;
				TEST_TARGET_NAME = FanatasyFootball;
			};
			name = Release;
		};
/* End XCBuildConfiguration section */

/* Begin XCConfigurationList section */
		37CEEBFD1EB9EA75000F206F /* Build configuration list for PBXProject "FanatasyFootball" */ = {
			isa = XCConfigurationList;
			buildConfigurations = (
				37CEEC281EB9EA75000F206F /* Debug */,
				37CEEC291EB9EA75000F206F /* Release */,
			);
			defaultConfigurationIsVisible = 0;
			defaultConfigurationName = Release;
		};
		37CEEC2A1EB9EA75000F206F /* Build configuration list for PBXNativeTarget "FanatasyFootball" */ = {
			isa = XCConfigurationList;
			buildConfigurations = (
				37CEEC2B1EB9EA75000F206F /* Debug */,
				37CEEC2C1EB9EA75000F206F /* Release */,
			);
			defaultConfigurationIsVisible = 0;
			defaultConfigurationName = Release;
		};
		37CEEC2D1EB9EA75000F206F /* Build configuration list for PBXNativeTarget "FanatasyFootballTests" */ = {
			isa = XCConfigurationList;
			buildConfigurations = (
				37CEEC2E1EB9EA75000F206F /* Debug */,
				37CEEC2F1EB9EA75000F206F /* Release */,
			);
			defaultConfigurationIsVisible = 0;
			defaultConfigurationName = Release;
		};
		37CEEC301EB9EA75000F206F /* Build configuration list for PBXNativeTarget "FanatasyFootballUITests" */ = {
			isa = XCConfigurationList;
			buildConfigurations = (
				37CEEC311EB9EA75000F206F /* Debug */,
				37CEEC321EB9EA75000F206F /* Release */,
			);
			defaultConfigurationIsVisible = 0;
			defaultConfigurationName = Release;
		};
/* End XCConfigurationList section */
	};
	rootObject = 37CEEBFA1EB9EA75000F206F /* Project object */;
}
